
Microsoft Visual Studio Solution File, Format Version 12.00
# Visual Studio Version 17
VisualStudioVersion = 17.5.002.0
MinimumVisualStudioVersion = 10.0.40219.1
Project("{9A19103F-16F7-4668-BE54-9A1E7A4F7556}") = "mis-221-lab-2-annahill32", "mis-221-lab-2-annahill32.csproj", "{83040CD8-1433-4E89-B0BB-297D426AEB51}"
EndProject
Global
	GlobalSection(SolutionConfigurationPlatforms) = preSolution
		Debug|Any CPU = Debug|Any CPU
		Release|Any CPU = Release|Any CPU
	EndGlobalSection
	GlobalSection(ProjectConfigurationPlatforms) = postSolution
		{83040CD8-1433-4E89-B0BB-297D426AEB51}.Debug|Any CPU.ActiveCfg = Debug|Any CPU
		{83040CD8-1433-4E89-B0BB-297D426AEB51}.Debug|Any CPU.Build.0 = Debug|Any CPU
		{83040CD8-1433-4E89-B0BB-297D426AEB51}.Release|Any CPU.ActiveCfg = Release|Any CPU
		{83040CD8-1433-4E89-B0BB-297D426AEB51}.Release|Any CPU.Build.0 = Release|Any CPU
	EndGlobalSection
	GlobalSection(SolutionProperties) = preSolution
		HideSolutionNode = FALSE
	EndGlobalSection
	GlobalSection(ExtensibilityGlobals) = postSolution
		SolutionGuid = {8B2DB843-D77F-4A02-B860-8CD072022BA1}
	EndGlobalSection
EndGlobal
